
Microsoft Visual Studio Solution File, Format Version 12.00
# Visual Studio 2013
VisualStudioVersion = 12.0.40629.0
MinimumVisualStudioVersion = 10.0.40219.1
Project("{FAE04EC0-301F-11D3-BF4B-00C04F79EFBC}") = "LogDesign", "LogDesign\LogDesign.csproj", "{B000B3C0-B42E-45CD-84FB-1974F017E39D}"
EndProject
Project("{FAE04EC0-301F-11D3-BF4B-00C04F79EFBC}") = "SampleApp", "SampleApp\SampleApp.csproj", "{3E4091B5-2281-4247-AC72-C412A88BDDE8}"
EndProject
Global
	GlobalSection(SolutionConfigurationPlatforms) = preSolution
		Debug|Any CPU = Debug|Any CPU
		Release|Any CPU = Release|Any CPU
	EndGlobalSection
	GlobalSection(ProjectConfigurationPlatforms) = postSolution
		{B000B3C0-B42E-45CD-84FB-1974F017E39D}.Debug|Any CPU.ActiveCfg = Debug|Any CPU
		{B000B3C0-B42E-45CD-84FB-1974F017E39D}.Debug|Any CPU.Build.0 = Debug|Any CPU
		{B000B3C0-B42E-45CD-84FB-1974F017E39D}.Release|Any CPU.ActiveCfg = Release|Any CPU
		{B000B3C0-B42E-45CD-84FB-1974F017E39D}.Release|Any CPU.Build.0 = Release|Any CPU
		{3E4091B5-2281-4247-AC72-C412A88BDDE8}.Debug|Any CPU.ActiveCfg = Debug|Any CPU
		{3E4091B5-2281-4247-AC72-C412A88BDDE8}.Debug|Any CPU.Build.0 = Debug|Any CPU
		{3E4091B5-2281-4247-AC72-C412A88BDDE8}.Release|Any CPU.ActiveCfg = Release|Any CPU
		{3E4091B5-2281-4247-AC72-C412A88BDDE8}.Release|Any CPU.Build.0 = Release|Any CPU
	EndGlobalSection
	GlobalSection(SolutionProperties) = preSolution
		HideSolutionNode = FALSE
	EndGlobalSection
EndGlobal
